// !$*UTF8*$!
{
	archiveVersion = 1;
	classes = {
	};
	objectVersion = 46;
	objects = {

/* Begin PBXBuildFile section */
		115431821F44DF0600D45042 /* main.m in Sources */ = {isa = PBXBuildFile; fileRef = 115431811F44DF0600D45042 /* main.m */; };
		115431851F44DF0600D45042 /* AppDelegate.m in Sources */ = {isa = PBXBuildFile; fileRef = 115431841F44DF0600D45042 /* AppDelegate.m */; };
		115431881F44DF0600D45042 /* EveryDoCoreData.xcdatamodeld in Sources */ = {isa = PBXBuildFile; fileRef = 115431861F44DF0600D45042 /* EveryDoCoreData.xcdatamodeld */; };
		1154318B1F44DF0600D45042 /* MasterViewController.m in Sources */ = {isa = PBXBuildFile; fileRef = 1154318A1F44DF0600D45042 /* MasterViewController.m */; };
		1154318E1F44DF0600D45042 /* DetailViewController.m in Sources */ = {isa = PBXBuildFile; fileRef = 1154318D1F44DF0600D45042 /* DetailViewController.m */; };
		115431911F44DF0600D45042 /* Main.storyboard in Resources */ = {isa = PBXBuildFile; fileRef = 1154318F1F44DF0600D45042 /* Main.storyboard */; };
		115431931F44DF0600D45042 /* Assets.xcassets in Resources */ = {isa = PBXBuildFile; fileRef = 115431921F44DF0600D45042 /* Assets.xcassets */; };
		115431961F44DF0600D45042 /* LaunchScreen.storyboard in Resources */ = {isa = PBXBuildFile; fileRef = 115431941F44DF0600D45042 /* LaunchScreen.storyboard */; };
		1154319F1F44E66500D45042 /* CoreData.framework in Frameworks */ = {isa = PBXBuildFile; fileRef = 1154319E1F44E66500D45042 /* CoreData.framework */; };
/* End PBXBuildFile section */

/* Begin PBXFileReference section */
		1154317D1F44DF0600D45042 /* EveryDoCoreData.app */ = {isa = PBXFileReference; explicitFileType = wrapper.application; includeInIndex = 0; path = EveryDoCoreData.app; sourceTree = BUILT_PRODUCTS_DIR; };
		115431811F44DF0600D45042 /* main.m */ = {isa = PBXFileReference; lastKnownFileType = sourcecode.c.objc; path = main.m; sourceTree = "<group>"; };
		115431831F44DF0600D45042 /* AppDelegate.h */ = {isa = PBXFileReference; lastKnownFileType = sourcecode.c.h; path = AppDelegate.h; sourceTree = "<group>"; };
		115431841F44DF0600D45042 /* AppDelegate.m */ = {isa = PBXFileReference; lastKnownFileType = sourcecode.c.objc; path = AppDelegate.m; sourceTree = "<group>"; };
		115431871F44DF0600D45042 /* EveryDoCoreData.xcdatamodel */ = {isa = PBXFileReference; lastKnownFileType = wrapper.xcdatamodel; path = EveryDoCoreData.xcdatamodel; sourceTree = "<group>"; };
		115431891F44DF0600D45042 /* MasterViewController.h */ = {isa = PBXFileReference; lastKnownFileType = sourcecode.c.h; path = MasterViewController.h; sourceTree = "<group>"; };
		1154318A1F44DF0600D45042 /* MasterViewController.m */ = {isa = PBXFileReference; lastKnownFileType = sourcecode.c.objc; path = MasterViewController.m; sourceTree = "<group>"; };
		1154318C1F44DF0600D45042 /* DetailViewController.h */ = {isa = PBXFileReference; lastKnownFileType = sourcecode.c.h; path = DetailViewController.h; sourceTree = "<group>"; };
		1154318D1F44DF0600D45042 /* DetailViewController.m */ = {isa = PBXFileReference; lastKnownFileType = sourcecode.c.objc; path = DetailViewController.m; sourceTree = "<group>"; };
		115431901F44DF0600D45042 /* Base */ = {isa = PBXFileReference; lastKnownFileType = file.storyboard; name = Base; path = Base.lproj/Main.storyboard; sourceTree = "<group>"; };
		115431921F44DF0600D45042 /* Assets.xcassets */ = {isa = PBXFileReference; lastKnownFileType = folder.assetcatalog; path = Assets.xcassets; sourceTree = "<group>"; };
		115431951F44DF0600D45042 /* Base */ = {isa = PBXFileReference; lastKnownFileType = file.storyboard; name = Base; path = Base.lproj/LaunchScreen.storyboard; sourceTree = "<group>"; };
		115431971F44DF0600D45042 /* Info.plist */ = {isa = PBXFileReference; lastKnownFileType = text.plist.xml; path = Info.plist; sourceTree = "<group>"; };
		1154319E1F44E66500D45042 /* CoreData.framework */ = {isa = PBXFileReference; lastKnownFileType = wrapper.framework; name = CoreData.framework; path = System/Library/Frameworks/CoreData.framework; sourceTree = SDKROOT; };
/* End PBXFileReference section */

/* Begin PBXFrameworksBuildPhase section */
		1154317A1F44DF0600D45042 /* Frameworks */ = {
			isa = PBXFrameworksBuildPhase;
			buildActionMask = 2147483647;
			files = (
				1154319F1F44E66500D45042 /* CoreData.framework in Frameworks */,
			);
			runOnlyForDeploymentPostprocessing = 0;
		};
/* End PBXFrameworksBuildPhase section */

/* Begin PBXGroup section */
		115431741F44DF0600D45042 = {
			isa = PBXGroup;
			children = (
				1154317F1F44DF0600D45042 /* EveryDoCoreData */,
				1154317E1F44DF0600D45042 /* Products */,
				1154319D1F44E66500D45042 /* Frameworks */,
			);
			sourceTree = "<group>";
		};
		1154317E1F44DF0600D45042 /* Products */ = {
			isa = PBXGroup;
			children = (
				1154317D1F44DF0600D45042 /* EveryDoCoreData.app */,
			);
			name = Products;
			sourceTree = "<group>";
		};
		1154317F1F44DF0600D45042 /* EveryDoCoreData */ = {
			isa = PBXGroup;
			children = (
				115431831F44DF0600D45042 /* AppDelegate.h */,
				115431841F44DF0600D45042 /* AppDelegate.m */,
				115431891F44DF0600D45042 /* MasterViewController.h */,
				1154318A1F44DF0600D45042 /* MasterViewController.m */,
				1154318C1F44DF0600D45042 /* DetailViewController.h */,
				1154318D1F44DF0600D45042 /* DetailViewController.m */,
				1154318F1F44DF0600D45042 /* Main.storyboard */,
				115431921F44DF0600D45042 /* Assets.xcassets */,
				115431941F44DF0600D45042 /* LaunchScreen.storyboard */,
				115431971F44DF0600D45042 /* Info.plist */,
				115431861F44DF0600D45042 /* EveryDoCoreData.xcdatamodeld */,
				115431801F44DF0600D45042 /* Supporting Files */,
			);
			path = EveryDoCoreData;
			sourceTree = "<group>";
		};
		115431801F44DF0600D45042 /* Supporting Files */ = {
			isa = PBXGroup;
			children = (
				115431811F44DF0600D45042 /* main.m */,
			);
			name = "Supporting Files";
			sourceTree = "<group>";
		};
		1154319D1F44E66500D45042 /* Frameworks */ = {
			isa = PBXGroup;
			children = (
				1154319E1F44E66500D45042 /* CoreData.framework */,
			);
			name = Frameworks;
			sourceTree = "<group>";
		};
/* End PBXGroup section */

/* Begin PBXNativeTarget section */
		1154317C1F44DF0600D45042 /* EveryDoCoreData */ = {
			isa = PBXNativeTarget;
			buildConfigurationList = 1154319A1F44DF0600D45042 /* Build configuration list for PBXNativeTarget "EveryDoCoreData" */;
			buildPhases = (
				115431791F44DF0600D45042 /* Sources */,
				1154317A1F44DF0600D45042 /* Frameworks */,
				1154317B1F44DF0600D45042 /* Resources */,
			);
			buildRules = (
			);
			dependencies = (
			);
			name = EveryDoCoreData;
			productName = EveryDoCoreData;
			productReference = 1154317D1F44DF0600D45042 /* EveryDoCoreData.app */;
			productType = "com.apple.product-type.application";
		};
/* End PBXNativeTarget section */

/* Begin PBXProject section */
		115431751F44DF0600D45042 /* Project object */ = {
			isa = PBXProject;
			attributes = {
				LastUpgradeCheck = 0820;
				ORGANIZATIONNAME = "Mohammad Shahzaib Ather";
				TargetAttributes = {
					1154317C1F44DF0600D45042 = {
						CreatedOnToolsVersion = 8.2.1;
						ProvisioningStyle = Automatic;
					};
				};
			};
			buildConfigurationList = 115431781F44DF0600D45042 /* Build configuration list for PBXProject "EveryDoCoreData" */;
			compatibilityVersion = "Xcode 3.2";
			developmentRegion = English;
			hasScannedForEncodings = 0;
			knownRegions = (
				en,
				Base,
			);
			mainGroup = 115431741F44DF0600D45042;
			productRefGroup = 1154317E1F44DF0600D45042 /* Products */;
			projectDirPath = "";
			projectRoot = "";
			targets = (
				1154317C1F44DF0600D45042 /* EveryDoCoreData */,
			);
		};
/* End PBXProject section */

/* Begin PBXResourcesBuildPhase section */
		1154317B1F44DF0600D45042 /* Resources */ = {
			isa = PBXResourcesBuildPhase;
			buildActionMask = 2147483647;
			files = (
				115431961F44DF0600D45042 /* LaunchScreen.storyboard in Resources */,
				115431931F44DF0600D45042 /* Assets.xcassets in Resources */,
				115431911F44DF0600D45042 /* Main.storyboard in Resources */,
			);
			runOnlyForDeploymentPostprocessing = 0;
		};
/* End PBXResourcesBuildPhase section */

/* Begin PBXSourcesBuildPhase section */
		115431791F44DF0600D45042 /* Sources */ = {
			isa = PBXSourcesBuildPhase;
			buildActionMask = 2147483647;
			files = (
				1154318E1F44DF0600D45042 /* DetailViewController.m in Sources */,
				1154318B1F44DF0600D45042 /* MasterViewController.m in Sources */,
				115431851F44DF0600D45042 /* AppDelegate.m in Sources */,
				115431821F44DF0600D45042 /* main.m in Sources */,
				115431881F44DF0600D45042 /* EveryDoCoreData.xcdatamodeld in Sources */,
			);
			runOnlyForDeploymentPostprocessing = 0;
		};
/* End PBXSourcesBuildPhase section */

/* Begin PBXVariantGroup section */
		1154318F1F44DF0600D45042 /* Main.storyboard */ = {
			isa = PBXVariantGroup;
			children = (
				115431901F44DF0600D45042 /* Base */,
			);
			name = Main.storyboard;
			sourceTree = "<group>";
		};
		115431941F44DF0600D45042 /* LaunchScreen.storyboard */ = {
			isa = PBXVariantGroup;
			children = (
				115431951F44DF0600D45042 /* Base */,
			);
			name = LaunchScreen.storyboard;
			sourceTree = "<group>";
		};
/* End PBXVariantGroup section */

/* Begin XCBuildConfiguration section */
		115431981F44DF0600D45042 /* Debug */ = {
			isa = XCBuildConfiguration;
			buildSettings = {
				ALWAYS_SEARCH_USER_PATHS = NO;
				CLANG_ANALYZER_NONNULL = YES;
				CLANG_CXX_LANGUAGE_STANDARD = "gnu++0x";
				CLANG_CXX_LIBRARY = "libc++";
				CLANG_ENABLE_MODULES = YES;
				CLANG_ENABLE_OBJC_ARC = YES;
				CLANG_WARN_BOOL_CONVERSION = YES;
				CLANG_WARN_CONSTANT_CONVERSION = YES;
				CLANG_WARN_DIRECT_OBJC_ISA_USAGE = YES_ERROR;
				CLANG_WARN_DOCUMENTATION_COMMENTS = YES;
				CLANG_WARN_EMPTY_BODY = YES;
				CLANG_WARN_ENUM_CONVERSION = YES;
				CLANG_WARN_INFINITE_RECURSION = YES;
				CLANG_WARN_INT_CONVERSION = YES;
				CLANG_WARN_OBJC_ROOT_CLASS = YES_ERROR;
				CLANG_WARN_SUSPICIOUS_MOVE = YES;
				CLANG_WARN_UNREACHABLE_CODE = YES;
				CLANG_WARN__DUPLICATE_METHOD_MATCH = YES;
				"CODE_SIGN_IDENTITY[sdk=iphoneos*]" = "iPhone Developer";
				COPY_PHASE_STRIP = NO;
				DEBUG_INFORMATION_FORMAT = dwarf;
				ENABLE_STRICT_OBJC_MSGSEND = YES;
				ENABLE_TESTABILITY = YES;
				GCC_C_LANGUAGE_STANDARD = gnu99;
				GCC_DYNAMIC_NO_PIC = NO;
				GCC_NO_COMMON_BLOCKS = YES;
				GCC_OPTIMIZATION_LEVEL = 0;
				GCC_PREPROCESSOR_DEFINITIONS = (
					"DEBUG=1",
					"$(inherited)",
				);
				GCC_WARN_64_TO_32_BIT_CONVERSION = YES;
				GCC_WARN_ABOUT_RETURN_TYPE = YES_ERROR;
				GCC_WARN_UNDECLARED_SELECTOR = YES;
				GCC_WARN_UNINITIALIZED_AUTOS = YES_AGGRESSIVE;
				GCC_WARN_UNUSED_FUNCTION = YES;
				GCC_WARN_UNUSED_VARIABLE = YES;
				IPHONEOS_DEPLOYMENT_TARGET = 10.2;
				MTL_ENABLE_DEBUG_INFO = YES;
				ONLY_ACTIVE_ARCH = YES;
				SDKROOT = iphoneos;
			};
			name = Debug;
		};
		115431991F44DF0600D45042 /* Release */ = {
			isa = XCBuildConfiguration;
			buildSettings = {
				ALWAYS_SEARCH_USER_PATHS = NO;
				CLANG_ANALYZER_NONNULL = YES;
				CLANG_CXX_LANGUAGE_STANDARD = "gnu++0x";
				CLANG_CXX_LIBRARY = "libc++";
				CLANG_ENABLE_MODULES = YES;
				CLANG_ENABLE_OBJC_ARC = YES;
				CLANG_WARN_BOOL_CONVERSION = YES;
				CLANG_WARN_CONSTANT_CONVERSION = YES;
				CLANG_WARN_DIRECT_OBJC_ISA_USAGE = YES_ERROR;
				CLANG_WARN_DOCUMENTATION_COMMENTS = YES;
				CLANG_WARN_EMPTY_BODY = YES;
				CLANG_WARN_ENUM_CONVERSION = YES;
				CLANG_WARN_INFINITE_RECURSION = YES;
				CLANG_WARN_INT_CONVERSION = YES;
				CLANG_WARN_OBJC_ROOT_CLASS = YES_ERROR;
				CLANG_WARN_SUSPICIOUS_MOVE = YES;
				CLANG_WARN_UNREACHABLE_CODE = YES;
				CLANG_WARN__DUPLICATE_METHOD_MATCH = YES;
				"CODE_SIGN_IDENTITY[sdk=iphoneos*]" = "iPhone Developer";
				COPY_PHASE_STRIP = NO;
				DEBUG_INFORMATION_FORMAT = "dwarf-with-dsym";
				ENABLE_NS_ASSERTIONS = NO;
				ENABLE_STRICT_OBJC_MSGSEND = YES;
				GCC_C_LANGUAGE_STANDARD = gnu99;
				GCC_NO_COMMON_BLOCKS = YES;
				GCC_WARN_64_TO_32_BIT_CONVERSION = YES;
				GCC_WARN_ABOUT_RETURN_TYPE = YES_ERROR;
				GCC_WARN_UNDECLARED_SELECTOR = YES;
				GCC_WARN_UNINITIALIZED_AUTOS = YES_AGGRESSIVE;
				GCC_WARN_UNUSED_FUNCTION = YES;
				GCC_WARN_UNUSED_VARIABLE = YES;
				IPHONEOS_DEPLOYMENT_TARGET = 10.2;
				MTL_ENABLE_DEBUG_INFO = NO;
				SDKROOT = iphoneos;
				VALIDATE_PRODUCT = YES;
			};
			name = Release;
		};
		1154319B1F44DF0600D45042 /* Debug */ = {
			isa = XCBuildConfiguration;
			buildSettings = {
				ASSETCATALOG_COMPILER_APPICON_NAME = AppIcon;
				INFOPLIST_FILE = EveryDoCoreData/Info.plist;
				LD_RUNPATH_SEARCH_PATHS = "$(inherited) @executable_path/Frameworks";
				PRODUCT_BUNDLE_IDENTIFIER = z.EveryDoCoreData;
				PRODUCT_NAME = "$(TARGET_NAME)";
			};
			name = Debug;
		};
		1154319C1F44DF0600D45042 /* Release */ = {
			isa = XCBuildConfiguration;
			buildSettings = {
				ASSETCATALOG_COMPILER_APPICON_NAME = AppIcon;
				INFOPLIST_FILE = EveryDoCoreData/Info.plist;
				LD_RUNPATH_SEARCH_PATHS = "$(inherited) @executable_path/Frameworks";
				PRODUCT_BUNDLE_IDENTIFIER = z.EveryDoCoreData;
				PRODUCT_NAME = "$(TARGET_NAME)";
			};
			name = Release;
		};
/* End XCBuildConfiguration section */

/* Begin XCConfigurationList section */
		115431781F44DF0600D45042 /* Build configuration list for PBXProject "EveryDoCoreData" */ = {
			isa = XCConfigurationList;
			buildConfigurations = (
				115431981F44DF0600D45042 /* Debug */,
				115431991F44DF0600D45042 /* Release */,
			);
			defaultConfigurationIsVisible = 0;
			defaultConfigurationName = Release;
		};
		1154319A1F44DF0600D45042 /* Build configuration list for PBXNativeTarget "EveryDoCoreData" */ = {
			isa = XCConfigurationList;
			buildConfigurations = (
				1154319B1F44DF0600D45042 /* Debug */,
				1154319C1F44DF0600D45042 /* Release */,
			);
			defaultConfigurationIsVisible = 0;
		};
/* End XCConfigurationList section */

/* Begin XCVersionGroup section */
		115431861F44DF0600D45042 /* EveryDoCoreData.xcdatamodeld */ = {
			isa = XCVersionGroup;
			children = (
				115431871F44DF0600D45042 /* EveryDoCoreData.xcdatamodel */,
			);
			currentVersion = 115431871F44DF0600D45042 /* EveryDoCoreData.xcdatamodel */;
			path = EveryDoCoreData.xcdatamodeld;
			sourceTree = "<group>";
			versionGroupType = wrapper.xcdatamodel;
		};
/* End XCVersionGroup section */
	};
	rootObject = 115431751F44DF0600D45042 /* Project object */;
}
